
Microsoft Visual Studio Solution File, Format Version 12.00
# Visual Studio Version 16
VisualStudioVersion = 16.0.32630.194
MinimumVisualStudioVersion = 10.0.40219.1
Project("{FAE04EC0-301F-11D3-BF4B-00C04F79EFBC}") = "FotografYazdirma_19", "FotografYazdirma_19\FotografYazdirma_19.csproj", "{8161EFB5-3A93-42E6-95B4-26C7BEB72CD2}"
EndProject
Global
	GlobalSection(SolutionConfigurationPlatforms) = preSolution
		Debug|Any CPU = Debug|Any CPU
		Release|Any CPU = Release|Any CPU
	EndGlobalSection
	GlobalSection(ProjectConfigurationPlatforms) = postSolution
		{8161EFB5-3A93-42E6-95B4-26C7BEB72CD2}.Debug|Any CPU.ActiveCfg = Debug|Any CPU
		{8161EFB5-3A93-42E6-95B4-26C7BEB72CD2}.Debug|Any CPU.Build.0 = Debug|Any CPU
		{8161EFB5-3A93-42E6-95B4-26C7BEB72CD2}.Release|Any CPU.ActiveCfg = Release|Any CPU
		{8161EFB5-3A93-42E6-95B4-26C7BEB72CD2}.Release|Any CPU.Build.0 = Release|Any CPU
	EndGlobalSection
	GlobalSection(SolutionProperties) = preSolution
		HideSolutionNode = FALSE
	EndGlobalSection
	GlobalSection(ExtensibilityGlobals) = postSolution
		SolutionGuid = {1FA876EF-2AB5-44AF-BB7E-F3EBC307F2A1}
	EndGlobalSection
EndGlobal
